
Microsoft Visual Studio Solution File, Format Version 12.00
# Visual Studio 15
VisualStudioVersion = 15.0.28307.271
MinimumVisualStudioVersion = 10.0.40219.1
Project("{888888A0-9F3D-457C-B088-3A5042F75D52}") = "invasion", "invasion\invasion.pyproj", "{937F2A64-26F1-4C5D-A356-6A7F9890A3BC}"
EndProject
Global
	GlobalSection(SolutionConfigurationPlatforms) = preSolution
		Debug|Any CPU = Debug|Any CPU
		Release|Any CPU = Release|Any CPU
	EndGlobalSection
	GlobalSection(ProjectConfigurationPlatforms) = postSolution
		{937F2A64-26F1-4C5D-A356-6A7F9890A3BC}.Debug|Any CPU.ActiveCfg = Debug|Any CPU
		{937F2A64-26F1-4C5D-A356-6A7F9890A3BC}.Release|Any CPU.ActiveCfg = Release|Any CPU
	EndGlobalSection
	GlobalSection(SolutionProperties) = preSolution
		HideSolutionNode = FALSE
	EndGlobalSection
	GlobalSection(ExtensibilityGlobals) = postSolution
		SolutionGuid = {6B9FE93F-3661-4244-859D-6C82DAF54D59}
	EndGlobalSection
EndGlobal
